
Microsoft Visual Studio Solution File, Format Version 12.00
# Visual Studio Version 17
VisualStudioVersion = 17.5.33530.505
MinimumVisualStudioVersion = 10.0.40219.1
Project("{FAE04EC0-301F-11D3-BF4B-00C04F79EFBC}") = "LineComparisonProblem", "LineComparisonProblem\LineComparisonProblem.csproj", "{915146B9-C4C6-4F55-ADC1-93DB3CDDD880}"
EndProject
Global
	GlobalSection(SolutionConfigurationPlatforms) = preSolution
		Debug|Any CPU = Debug|Any CPU
		Release|Any CPU = Release|Any CPU
	EndGlobalSection
	GlobalSection(ProjectConfigurationPlatforms) = postSolution
		{915146B9-C4C6-4F55-ADC1-93DB3CDDD880}.Debug|Any CPU.ActiveCfg = Debug|Any CPU
		{915146B9-C4C6-4F55-ADC1-93DB3CDDD880}.Debug|Any CPU.Build.0 = Debug|Any CPU
		{915146B9-C4C6-4F55-ADC1-93DB3CDDD880}.Release|Any CPU.ActiveCfg = Release|Any CPU
		{915146B9-C4C6-4F55-ADC1-93DB3CDDD880}.Release|Any CPU.Build.0 = Release|Any CPU
	EndGlobalSection
	GlobalSection(SolutionProperties) = preSolution
		HideSolutionNode = FALSE
	EndGlobalSection
	GlobalSection(ExtensibilityGlobals) = postSolution
		SolutionGuid = {BA86985F-F13A-42B6-8B03-7802D0CDE06C}
	EndGlobalSection
EndGlobal
